
Microsoft Visual Studio Solution File, Format Version 12.00
# Visual Studio Version 17
VisualStudioVersion = 17.14.36221.1 d17.14
MinimumVisualStudioVersion = 10.0.40219.1
Project("{888888A0-9F3D-457C-B088-3A5042F75D52}") = "Formulas para calculadora", "Formulas para calculadora.pyproj", "{171C3294-0E1B-4B16-8C11-A44C1F0C50DE}"
EndProject
Global
	GlobalSection(SolutionConfigurationPlatforms) = preSolution
		Debug|Any CPU = Debug|Any CPU
		Release|Any CPU = Release|Any CPU
	EndGlobalSection
	GlobalSection(ProjectConfigurationPlatforms) = postSolution
		{171C3294-0E1B-4B16-8C11-A44C1F0C50DE}.Debug|Any CPU.ActiveCfg = Debug|Any CPU
		{171C3294-0E1B-4B16-8C11-A44C1F0C50DE}.Release|Any CPU.ActiveCfg = Release|Any CPU
	EndGlobalSection
	GlobalSection(SolutionProperties) = preSolution
		HideSolutionNode = FALSE
	EndGlobalSection
	GlobalSection(ExtensibilityGlobals) = postSolution
		SolutionGuid = {D600EABF-CB66-4457-8208-AF620CE5AD76}
	EndGlobalSection
EndGlobal
